
Microsoft Visual Studio Solution File, Format Version 12.00
# Visual Studio 15
VisualStudioVersion = 15.0.28307.489
MinimumVisualStudioVersion = 10.0.40219.1
Project("{FAE04EC0-301F-11D3-BF4B-00C04F79EFBC}") = "Solitaire.Android", "Solitaire\Solitaire.Android\Solitaire.Android.csproj", "{3872D717-5DA3-48AE-ADA7-2072FE13B9B8}"
EndProject
Project("{FAE04EC0-301F-11D3-BF4B-00C04F79EFBC}") = "Solitaire.iOS", "Solitaire\Solitaire.iOS\Solitaire.iOS.csproj", "{945DE67F-198C-4106-B6A1-C16FE022553B}"
EndProject
Project("{FAE04EC0-301F-11D3-BF4B-00C04F79EFBC}") = "Solitaire.UWP", "Solitaire\Solitaire.UWP\Solitaire.UWP.csproj", "{274E2696-CC48-46E9-888E-700D86AFB983}"
EndProject
Project("{FAE04EC0-301F-11D3-BF4B-00C04F79EFBC}") = "Solitaire", "Solitaire\Solitaire\Solitaire.csproj", "{F72C9EBE-6538-4419-A82A-E8270ABC0633}"
EndProject
Global
	GlobalSection(SolutionConfigurationPlatforms) = preSolution
		Ad-Hoc|Any CPU = Ad-Hoc|Any CPU
		Ad-Hoc|ARM = Ad-Hoc|ARM
		Ad-Hoc|iPhone = Ad-Hoc|iPhone
		Ad-Hoc|iPhoneSimulator = Ad-Hoc|iPhoneSimulator
		Ad-Hoc|x64 = Ad-Hoc|x64
		Ad-Hoc|x86 = Ad-Hoc|x86
		AppStore|Any CPU = AppStore|Any CPU
		AppStore|ARM = AppStore|ARM
		AppStore|iPhone = AppStore|iPhone
		AppStore|iPhoneSimulator = AppStore|iPhoneSimulator
		AppStore|x64 = AppStore|x64
		AppStore|x86 = AppStore|x86
		Debug|Any CPU = Debug|Any CPU
		Debug|ARM = Debug|ARM
		Debug|iPhone = Debug|iPhone
		Debug|iPhoneSimulator = Debug|iPhoneSimulator
		Debug|x64 = Debug|x64
		Debug|x86 = Debug|x86
		Release|Any CPU = Release|Any CPU
		Release|ARM = Release|ARM
		Release|iPhone = Release|iPhone
		Release|iPhoneSimulator = Release|iPhoneSimulator
		Release|x64 = Release|x64
		Release|x86 = Release|x86
	EndGlobalSection
	GlobalSection(ProjectConfigurationPlatforms) = postSolution
		{3872D717-5DA3-48AE-ADA7-2072FE13B9B8}.Ad-Hoc|Any CPU.ActiveCfg = Release|Any CPU
		{3872D717-5DA3-48AE-ADA7-2072FE13B9B8}.Ad-Hoc|Any CPU.Build.0 = Release|Any CPU
		{3872D717-5DA3-48AE-ADA7-2072FE13B9B8}.Ad-Hoc|Any CPU.Deploy.0 = Release|Any CPU
		{3872D717-5DA3-48AE-ADA7-2072FE13B9B8}.Ad-Hoc|ARM.ActiveCfg = Release|Any CPU
		{3872D717-5DA3-48AE-ADA7-2072FE13B9B8}.Ad-Hoc|ARM.Build.0 = Release|Any CPU
		{3872D717-5DA3-48AE-ADA7-2072FE13B9B8}.Ad-Hoc|ARM.Deploy.0 = Release|Any CPU
		{3872D717-5DA3-48AE-ADA7-2072FE13B9B8}.Ad-Hoc|iPhone.ActiveCfg = Release|Any CPU
		{3872D717-5DA3-48AE-ADA7-2072FE13B9B8}.Ad-Hoc|iPhone.Build.0 = Release|Any CPU
		{3872D717-5DA3-48AE-ADA7-2072FE13B9B8}.Ad-Hoc|iPhone.Deploy.0 = Release|Any CPU
		{3872D717-5DA3-48AE-ADA7-2072FE13B9B8}.Ad-Hoc|iPhoneSimulator.ActiveCfg = Release|Any CPU
		{3872D717-5DA3-48AE-ADA7-2072FE13B9B8}.Ad-Hoc|iPhoneSimulator.Build.0 = Release|Any CPU
		{3872D717-5DA3-48AE-ADA7-2072FE13B9B8}.Ad-Hoc|iPhoneSimulator.Deploy.0 = Release|Any CPU
		{3872D717-5DA3-48AE-ADA7-2072FE13B9B8}.Ad-Hoc|x64.ActiveCfg = Release|Any CPU
		{3872D717-5DA3-48AE-ADA7-2072FE13B9B8}.Ad-Hoc|x64.Build.0 = Release|Any CPU
		{3872D717-5DA3-48AE-ADA7-2072FE13B9B8}.Ad-Hoc|x64.Deploy.0 = Release|Any CPU
		{3872D717-5DA3-48AE-ADA7-2072FE13B9B8}.Ad-Hoc|x86.ActiveCfg = Release|Any CPU
		{3872D717-5DA3-48AE-ADA7-2072FE13B9B8}.Ad-Hoc|x86.Build.0 = Release|Any CPU
		{3872D717-5DA3-48AE-ADA7-2072FE13B9B8}.Ad-Hoc|x86.Deploy.0 = Release|Any CPU
		{3872D717-5DA3-48AE-ADA7-2072FE13B9B8}.AppStore|Any CPU.ActiveCfg = Release|Any CPU
		{3872D717-5DA3-48AE-ADA7-2072FE13B9B8}.AppStore|Any CPU.Build.0 = Release|Any CPU
		{3872D717-5DA3-48AE-ADA7-2072FE13B9B8}.AppStore|Any CPU.Deploy.0 = Release|Any CPU
		{3872D717-5DA3-48AE-ADA7-2072FE13B9B8}.AppStore|ARM.ActiveCfg = Release|Any CPU
		{3872D717-5DA3-48AE-ADA7-2072FE13B9B8}.AppStore|ARM.Build.0 = Release|Any CPU
		{3872D717-5DA3-48AE-ADA7-2072FE13B9B8}.AppStore|ARM.Deploy.0 = Release|Any CPU
		{3872D717-5DA3-48AE-ADA7-2072FE13B9B8}.AppStore|iPhone.ActiveCfg = Release|Any CPU
		{3872D717-5DA3-48AE-ADA7-2072FE13B9B8}.AppStore|iPhone.Build.0 = Release|Any CPU
		{3872D717-5DA3-48AE-ADA7-2072FE13B9B8}.AppStore|iPhone.Deploy.0 = Release|Any CPU
		{3872D717-5DA3-48AE-ADA7-2072FE13B9B8}.AppStore|iPhoneSimulator.ActiveCfg = Release|Any CPU
		{3872D717-5DA3-48AE-ADA7-2072FE13B9B8}.AppStore|iPhoneSimulator.Build.0 = Release|Any CPU
		{3872D717-5DA3-48AE-ADA7-2072FE13B9B8}.AppStore|iPhoneSimulator.Deploy.0 = Release|Any CPU
		{3872D717-5DA3-48AE-ADA7-2072FE13B9B8}.AppStore|x64.ActiveCfg = Release|Any CPU
		{3872D717-5DA3-48AE-ADA7-2072FE13B9B8}.AppStore|x64.Build.0 = Release|Any CPU
		{3872D717-5DA3-48AE-ADA7-2072FE13B9B8}.AppStore|x64.Deploy.0 = Release|Any CPU
		{3872D717-5DA3-48AE-ADA7-2072FE13B9B8}.AppStore|x86.ActiveCfg = Release|Any CPU
		{3872D717-5DA3-48AE-ADA7-2072FE13B9B8}.AppStore|x86.Build.0 = Release|Any CPU
		{3872D717-5DA3-48AE-ADA7-2072FE13B9B8}.AppStore|x86.Deploy.0 = Release|Any CPU
		{3872D717-5DA3-48AE-ADA7-2072FE13B9B8}.Debug|Any CPU.ActiveCfg = Debug|Any CPU
		{3872D717-5DA3-48AE-ADA7-2072FE13B9B8}.Debug|Any CPU.Build.0 = Debug|Any CPU
		{3872D717-5DA3-48AE-ADA7-2072FE13B9B8}.Debug|Any CPU.Deploy.0 = Debug|Any CPU
		{3872D717-5DA3-48AE-ADA7-2072FE13B9B8}.Debug|ARM.ActiveCfg = Debug|Any CPU
		{3872D717-5DA3-48AE-ADA7-2072FE13B9B8}.Debug|ARM.Build.0 = Debug|Any CPU
		{3872D717-5DA3-48AE-ADA7-2072FE13B9B8}.Debug|ARM.Deploy.0 = Debug|Any CPU
		{3872D717-5DA3-48AE-ADA7-2072FE13B9B8}.Debug|iPhone.ActiveCfg = Debug|Any CPU
		{3872D717-5DA3-48AE-ADA7-2072FE13B9B8}.Debug|iPhone.Build.0 = Debug|Any CPU
		{3872D717-5DA3-48AE-ADA7-2072FE13B9B8}.Debug|iPhone.Deploy.0 = Debug|Any CPU
		{3872D717-5DA3-48AE-ADA7-2072FE13B9B8}.Debug|iPhoneSimulator.ActiveCfg = Debug|Any CPU
		{3872D717-5DA3-48AE-ADA7-2072FE13B9B8}.Debug|iPhoneSimulator.Build.0 = Debug|Any CPU
		{3872D717-5DA3-48AE-ADA7-2072FE13B9B8}.Debug|iPhoneSimulator.Deploy.0 = Debug|Any CPU
		{3872D717-5DA3-48AE-ADA7-2072FE13B9B8}.Debug|x64.ActiveCfg = Debug|Any CPU
		{3872D717-5DA3-48AE-ADA7-2072FE13B9B8}.Debug|x64.Build.0 = Debug|Any CPU
		{3872D717-5DA3-48AE-ADA7-2072FE13B9B8}.Debug|x64.Deploy.0 = Debug|Any CPU
		{3872D717-5DA3-48AE-ADA7-2072FE13B9B8}.Debug|x86.ActiveCfg = Debug|Any CPU
		{3872D717-5DA3-48AE-ADA7-2072FE13B9B8}.Debug|x86.Build.0 = Debug|Any CPU
		{3872D717-5DA3-48AE-ADA7-2072FE13B9B8}.Debug|x86.Deploy.0 = Debug|Any CPU
		{3872D717-5DA3-48AE-ADA7-2072FE13B9B8}.Release|Any CPU.ActiveCfg = Release|Any CPU
		{3872D717-5DA3-48AE-ADA7-2072FE13B9B8}.Release|Any CPU.Build.0 = Release|Any CPU
		{3872D717-5DA3-48AE-ADA7-2072FE13B9B8}.Release|Any CPU.Deploy.0 = Release|Any CPU
		{3872D717-5DA3-48AE-ADA7-2072FE13B9B8}.Release|ARM.ActiveCfg = Release|Any CPU
		{3872D717-5DA3-48AE-ADA7-2072FE13B9B8}.Release|ARM.Build.0 = Release|Any CPU
		{3872D717-5DA3-48AE-ADA7-2072FE13B9B8}.Release|ARM.Deploy.0 = Release|Any CPU
		{3872D717-5DA3-48AE-ADA7-2072FE13B9B8}.Release|iPhone.ActiveCfg = Release|Any CPU
		{3872D717-5DA3-48AE-ADA7-2072FE13B9B8}.Release|iPhone.Build.0 = Release|Any CPU
		{3872D717-5DA3-48AE-ADA7-2072FE13B9B8}.Release|iPhone.Deploy.0 = Release|Any CPU
		{3872D717-5DA3-48AE-ADA7-2072FE13B9B8}.Release|iPhoneSimulator.ActiveCfg = Release|Any CPU
		{3872D717-5DA3-48AE-ADA7-2072FE13B9B8}.Release|iPhoneSimulator.Build.0 = Release|Any CPU
		{3872D717-5DA3-48AE-ADA7-2072FE13B9B8}.Release|iPhoneSimulator.Deploy.0 = Release|Any CPU
		{3872D717-5DA3-48AE-ADA7-2072FE13B9B8}.Release|x64.ActiveCfg = Release|Any CPU
		{3872D717-5DA3-48AE-ADA7-2072FE13B9B8}.Release|x64.Build.0 = Release|Any CPU
		{3872D717-5DA3-48AE-ADA7-2072FE13B9B8}.Release|x64.Deploy.0 = Release|Any CPU
		{3872D717-5DA3-48AE-ADA7-2072FE13B9B8}.Release|x86.ActiveCfg = Release|Any CPU
		{3872D717-5DA3-48AE-ADA7-2072FE13B9B8}.Release|x86.Build.0 = Release|Any CPU
		{3872D717-5DA3-48AE-ADA7-2072FE13B9B8}.Release|x86.Deploy.0 = Release|Any CPU
		{945DE67F-198C-4106-B6A1-C16FE022553B}.Ad-Hoc|Any CPU.ActiveCfg = Ad-Hoc|iPhone
		{945DE67F-198C-4106-B6A1-C16FE022553B}.Ad-Hoc|Any CPU.Build.0 = Ad-Hoc|iPhone
		{945DE67F-198C-4106-B6A1-C16FE022553B}.Ad-Hoc|Any CPU.Deploy.0 = Ad-Hoc|iPhone
		{945DE67F-198C-4106-B6A1-C16FE022553B}.Ad-Hoc|ARM.ActiveCfg = Ad-Hoc|iPhone
		{945DE67F-198C-4106-B6A1-C16FE022553B}.Ad-Hoc|ARM.Build.0 = Ad-Hoc|iPhone
		{945DE67F-198C-4106-B6A1-C16FE022553B}.Ad-Hoc|ARM.Deploy.0 = Ad-Hoc|iPhone
		{945DE67F-198C-4106-B6A1-C16FE022553B}.Ad-Hoc|iPhone.ActiveCfg = Ad-Hoc|iPhone
		{945DE67F-198C-4106-B6A1-C16FE022553B}.Ad-Hoc|iPhone.Build.0 = Ad-Hoc|iPhone
		{945DE67F-198C-4106-B6A1-C16FE022553B}.Ad-Hoc|iPhone.Deploy.0 = Ad-Hoc|iPhone
		{945DE67F-198C-4106-B6A1-C16FE022553B}.Ad-Hoc|iPhoneSimulator.ActiveCfg = Ad-Hoc|iPhoneSimulator
		{945DE67F-198C-4106-B6A1-C16FE022553B}.Ad-Hoc|iPhoneSimulator.Build.0 = Ad-Hoc|iPhoneSimulator
		{945DE67F-198C-4106-B6A1-C16FE022553B}.Ad-Hoc|iPhoneSimulator.Deploy.0 = Ad-Hoc|iPhoneSimulator
		{945DE67F-198C-4106-B6A1-C16FE022553B}.Ad-Hoc|x64.ActiveCfg = Ad-Hoc|iPhone
		{945DE67F-198C-4106-B6A1-C16FE022553B}.Ad-Hoc|x64.Build.0 = Ad-Hoc|iPhone
		{945DE67F-198C-4106-B6A1-C16FE022553B}.Ad-Hoc|x64.Deploy.0 = Ad-Hoc|iPhone
		{945DE67F-198C-4106-B6A1-C16FE022553B}.Ad-Hoc|x86.ActiveCfg = Ad-Hoc|iPhone
		{945DE67F-198C-4106-B6A1-C16FE022553B}.Ad-Hoc|x86.Build.0 = Ad-Hoc|iPhone
		{945DE67F-198C-4106-B6A1-C16FE022553B}.Ad-Hoc|x86.Deploy.0 = Ad-Hoc|iPhone
		{945DE67F-198C-4106-B6A1-C16FE022553B}.AppStore|Any CPU.ActiveCfg = AppStore|iPhone
		{945DE67F-198C-4106-B6A1-C16FE022553B}.AppStore|Any CPU.Build.0 = AppStore|iPhone
		{945DE67F-198C-4106-B6A1-C16FE022553B}.AppStore|Any CPU.Deploy.0 = AppStore|iPhone
		{945DE67F-198C-4106-B6A1-C16FE022553B}.AppStore|ARM.ActiveCfg = AppStore|iPhone
		{945DE67F-198C-4106-B6A1-C16FE022553B}.AppStore|ARM.Build.0 = AppStore|iPhone
		{945DE67F-198C-4106-B6A1-C16FE022553B}.AppStore|ARM.Deploy.0 = AppStore|iPhone
		{945DE67F-198C-4106-B6A1-C16FE022553B}.AppStore|iPhone.ActiveCfg = AppStore|iPhone
		{945DE67F-198C-4106-B6A1-C16FE022553B}.AppStore|iPhone.Build.0 = AppStore|iPhone
		{945DE67F-198C-4106-B6A1-C16FE022553B}.AppStore|iPhone.Deploy.0 = AppStore|iPhone
		{945DE67F-198C-4106-B6A1-C16FE022553B}.AppStore|iPhoneSimulator.ActiveCfg = AppStore|iPhoneSimulator
		{945DE67F-198C-4106-B6A1-C16FE022553B}.AppStore|iPhoneSimulator.Build.0 = AppStore|iPhoneSimulator
		{945DE67F-198C-4106-B6A1-C16FE022553B}.AppStore|iPhoneSimulator.Deploy.0 = AppStore|iPhoneSimulator
		{945DE67F-198C-4106-B6A1-C16FE022553B}.AppStore|x64.ActiveCfg = AppStore|iPhone
		{945DE67F-198C-4106-B6A1-C16FE022553B}.AppStore|x64.Build.0 = AppStore|iPhone
		{945DE67F-198C-4106-B6A1-C16FE022553B}.AppStore|x64.Deploy.0 = AppStore|iPhone
		{945DE67F-198C-4106-B6A1-C16FE022553B}.AppStore|x86.ActiveCfg = AppStore|iPhone
		{945DE67F-198C-4106-B6A1-C16FE022553B}.AppStore|x86.Build.0 = AppStore|iPhone
		{945DE67F-198C-4106-B6A1-C16FE022553B}.AppStore|x86.Deploy.0 = AppStore|iPhone
		{945DE67F-198C-4106-B6A1-C16FE022553B}.Debug|Any CPU.ActiveCfg = Debug|iPhoneSimulator
		{945DE67F-198C-4106-B6A1-C16FE022553B}.Debug|Any CPU.Build.0 = Debug|iPhoneSimulator
		{945DE67F-198C-4106-B6A1-C16FE022553B}.Debug|Any CPU.Deploy.0 = Debug|iPhoneSimulator
		{945DE67F-198C-4106-B6A1-C16FE022553B}.Debug|ARM.ActiveCfg = Debug|iPhone
		{945DE67F-198C-4106-B6A1-C16FE022553B}.Debug|ARM.Build.0 = Debug|iPhone
		{945DE67F-198C-4106-B6A1-C16FE022553B}.Debug|ARM.Deploy.0 = Debug|iPhone
		{945DE67F-198C-4106-B6A1-C16FE022553B}.Debug|iPhone.ActiveCfg = Debug|iPhone
		{945DE67F-198C-4106-B6A1-C16FE022553B}.Debug|iPhone.Build.0 = Debug|iPhone
		{945DE67F-198C-4106-B6A1-C16FE022553B}.Debug|iPhone.Deploy.0 = Debug|iPhone
		{945DE67F-198C-4106-B6A1-C16FE022553B}.Debug|iPhoneSimulator.ActiveCfg = Debug|iPhoneSimulator
		{945DE67F-198C-4106-B6A1-C16FE022553B}.Debug|iPhoneSimulator.Build.0 = Debug|iPhoneSimulator
		{945DE67F-198C-4106-B6A1-C16FE022553B}.Debug|iPhoneSimulator.Deploy.0 = Debug|iPhoneSimulator
		{945DE67F-198C-4106-B6A1-C16FE022553B}.Debug|x64.ActiveCfg = Debug|iPhone
		{945DE67F-198C-4106-B6A1-C16FE022553B}.Debug|x64.Build.0 = Debug|iPhone
		{945DE67F-198C-4106-B6A1-C16FE022553B}.Debug|x64.Deploy.0 = Debug|iPhone
		{945DE67F-198C-4106-B6A1-C16FE022553B}.Debug|x86.ActiveCfg = Debug|iPhone
		{945DE67F-198C-4106-B6A1-C16FE022553B}.Debug|x86.Build.0 = Debug|iPhone
		{945DE67F-198C-4106-B6A1-C16FE022553B}.Debug|x86.Deploy.0 = Debug|iPhone
		{945DE67F-198C-4106-B6A1-C16FE022553B}.Release|Any CPU.ActiveCfg = Release|iPhone
		{945DE67F-198C-4106-B6A1-C16FE022553B}.Release|Any CPU.Build.0 = Release|iPhone
		{945DE67F-198C-4106-B6A1-C16FE022553B}.Release|Any CPU.Deploy.0 = Release|iPhone
		{945DE67F-198C-4106-B6A1-C16FE022553B}.Release|ARM.ActiveCfg = Release|iPhone
		{945DE67F-198C-4106-B6A1-C16FE022553B}.Release|ARM.Build.0 = Release|iPhone
		{945DE67F-198C-4106-B6A1-C16FE022553B}.Release|ARM.Deploy.0 = Release|iPhone
		{945DE67F-198C-4106-B6A1-C16FE022553B}.Release|iPhone.ActiveCfg = Release|iPhone
		{945DE67F-198C-4106-B6A1-C16FE022553B}.Release|iPhone.Build.0 = Release|iPhone
		{945DE67F-198C-4106-B6A1-C16FE022553B}.Release|iPhone.Deploy.0 = Release|iPhone
		{945DE67F-198C-4106-B6A1-C16FE022553B}.Release|iPhoneSimulator.ActiveCfg = Release|iPhoneSimulator
		{945DE67F-198C-4106-B6A1-C16FE022553B}.Release|iPhoneSimulator.Build.0 = Release|iPhoneSimulator
		{945DE67F-198C-4106-B6A1-C16FE022553B}.Release|iPhoneSimulator.Deploy.0 = Release|iPhoneSimulator
		{945DE67F-198C-4106-B6A1-C16FE022553B}.Release|x64.ActiveCfg = Release|iPhone
		{945DE67F-198C-4106-B6A1-C16FE022553B}.Release|x64.Build.0 = Release|iPhone
		{945DE67F-198C-4106-B6A1-C16FE022553B}.Release|x64.Deploy.0 = Release|iPhone
		{945DE67F-198C-4106-B6A1-C16FE022553B}.Release|x86.ActiveCfg = Release|iPhone
		{945DE67F-198C-4106-B6A1-C16FE022553B}.Release|x86.Build.0 = Release|iPhone
		{945DE67F-198C-4106-B6A1-C16FE022553B}.Release|x86.Deploy.0 = Release|iPhone
		{274E2696-CC48-46E9-888E-700D86AFB983}.Ad-Hoc|Any CPU.ActiveCfg = Release|x86
		{274E2696-CC48-46E9-888E-700D86AFB983}.Ad-Hoc|Any CPU.Build.0 = Release|x86
		{274E2696-CC48-46E9-888E-700D86AFB983}.Ad-Hoc|Any CPU.Deploy.0 = Release|x86
		{274E2696-CC48-46E9-888E-700D86AFB983}.Ad-Hoc|ARM.ActiveCfg = Release|ARM
		{274E2696-CC48-46E9-888E-700D86AFB983}.Ad-Hoc|ARM.Build.0 = Release|ARM
		{274E2696-CC48-46E9-888E-700D86AFB983}.Ad-Hoc|ARM.Deploy.0 = Release|ARM
		{274E2696-CC48-46E9-888E-700D86AFB983}.Ad-Hoc|iPhone.ActiveCfg = Release|x86
		{274E2696-CC48-46E9-888E-700D86AFB983}.Ad-Hoc|iPhone.Build.0 = Release|x86
		{274E2696-CC48-46E9-888E-700D86AFB983}.Ad-Hoc|iPhone.Deploy.0 = Release|x86
		{274E2696-CC48-46E9-888E-700D86AFB983}.Ad-Hoc|iPhoneSimulator.ActiveCfg = Release|x86
		{274E2696-CC48-46E9-888E-700D86AFB983}.Ad-Hoc|iPhoneSimulator.Build.0 = Release|x86
		{274E2696-CC48-46E9-888E-700D86AFB983}.Ad-Hoc|iPhoneSimulator.Deploy.0 = Release|x86
		{274E2696-CC48-46E9-888E-700D86AFB983}.Ad-Hoc|x64.ActiveCfg = Release|x64
		{274E2696-CC48-46E9-888E-700D86AFB983}.Ad-Hoc|x64.Build.0 = Release|x64
		{274E2696-CC48-46E9-888E-700D86AFB983}.Ad-Hoc|x64.Deploy.0 = Release|x64
		{274E2696-CC48-46E9-888E-700D86AFB983}.Ad-Hoc|x86.ActiveCfg = Release|x86
		{274E2696-CC48-46E9-888E-700D86AFB983}.Ad-Hoc|x86.Build.0 = Release|x86
		{274E2696-CC48-46E9-888E-700D86AFB983}.Ad-Hoc|x86.Deploy.0 = Release|x86
		{274E2696-CC48-46E9-888E-700D86AFB983}.AppStore|Any CPU.ActiveCfg = Release|x86
		{274E2696-CC48-46E9-888E-700D86AFB983}.AppStore|Any CPU.Build.0 = Release|x86
		{274E2696-CC48-46E9-888E-700D86AFB983}.AppStore|Any CPU.Deploy.0 = Release|x86
		{274E2696-CC48-46E9-888E-700D86AFB983}.AppStore|ARM.ActiveCfg = Release|ARM
		{274E2696-CC48-46E9-888E-700D86AFB983}.AppStore|ARM.Build.0 = Release|ARM
		{274E2696-CC48-46E9-888E-700D86AFB983}.AppStore|ARM.Deploy.0 = Release|ARM
		{274E2696-CC48-46E9-888E-700D86AFB983}.AppStore|iPhone.ActiveCfg = Release|x86
		{274E2696-CC48-46E9-888E-700D86AFB983}.AppStore|iPhone.Build.0 = Release|x86
		{274E2696-CC48-46E9-888E-700D86AFB983}.AppStore|iPhone.Deploy.0 = Release|x86
		{274E2696-CC48-46E9-888E-700D86AFB983}.AppStore|iPhoneSimulator.ActiveCfg = Release|x86
		{274E2696-CC48-46E9-888E-700D86AFB983}.AppStore|iPhoneSimulator.Build.0 = Release|x86
		{274E2696-CC48-46E9-888E-700D86AFB983}.AppStore|iPhoneSimulator.Deploy.0 = Release|x86
		{274E2696-CC48-46E9-888E-700D86AFB983}.AppStore|x64.ActiveCfg = Release|x64
		{274E2696-CC48-46E9-888E-700D86AFB983}.AppStore|x64.Build.0 = Release|x64
		{274E2696-CC48-46E9-888E-700D86AFB983}.AppStore|x64.Deploy.0 = Release|x64
		{274E2696-CC48-46E9-888E-700D86AFB983}.AppStore|x86.ActiveCfg = Release|x86
		{274E2696-CC48-46E9-888E-700D86AFB983}.AppStore|x86.Build.0 = Release|x86
		{274E2696-CC48-46E9-888E-700D86AFB983}.AppStore|x86.Deploy.0 = Release|x86
		{274E2696-CC48-46E9-888E-700D86AFB983}.Debug|Any CPU.ActiveCfg = Debug|x86
		{274E2696-CC48-46E9-888E-700D86AFB983}.Debug|Any CPU.Build.0 = Debug|x86
		{274E2696-CC48-46E9-888E-700D86AFB983}.Debug|Any CPU.Deploy.0 = Debug|x86
		{274E2696-CC48-46E9-888E-700D86AFB983}.Debug|ARM.ActiveCfg = Debug|ARM
		{274E2696-CC48-46E9-888E-700D86AFB983}.Debug|ARM.Build.0 = Debug|ARM
		{274E2696-CC48-46E9-888E-700D86AFB983}.Debug|ARM.Deploy.0 = Debug|ARM
		{274E2696-CC48-46E9-888E-700D86AFB983}.Debug|iPhone.ActiveCfg = Debug|x86
		{274E2696-CC48-46E9-888E-700D86AFB983}.Debug|iPhone.Build.0 = Debug|x86
		{274E2696-CC48-46E9-888E-700D86AFB983}.Debug|iPhone.Deploy.0 = Debug|x86
		{274E2696-CC48-46E9-888E-700D86AFB983}.Debug|iPhoneSimulator.ActiveCfg = Debug|x86
		{274E2696-CC48-46E9-888E-700D86AFB983}.Debug|iPhoneSimulator.Build.0 = Debug|x86
		{274E2696-CC48-46E9-888E-700D86AFB983}.Debug|iPhoneSimulator.Deploy.0 = Debug|x86
		{274E2696-CC48-46E9-888E-700D86AFB983}.Debug|x64.ActiveCfg = Debug|x64
		{274E2696-CC48-46E9-888E-700D86AFB983}.Debug|x64.Build.0 = Debug|x64
		{274E2696-CC48-46E9-888E-700D86AFB983}.Debug|x64.Deploy.0 = Debug|x64
		{274E2696-CC48-46E9-888E-700D86AFB983}.Debug|x86.ActiveCfg = Debug|x86
		{274E2696-CC48-46E9-888E-700D86AFB983}.Debug|x86.Build.0 = Debug|x86
		{274E2696-CC48-46E9-888E-700D86AFB983}.Debug|x86.Deploy.0 = Debug|x86
		{274E2696-CC48-46E9-888E-700D86AFB983}.Release|Any CPU.ActiveCfg = Release|x86
		{274E2696-CC48-46E9-888E-700D86AFB983}.Release|Any CPU.Build.0 = Release|x86
		{274E2696-CC48-46E9-888E-700D86AFB983}.Release|Any CPU.Deploy.0 = Release|x86
		{274E2696-CC48-46E9-888E-700D86AFB983}.Release|ARM.ActiveCfg = Release|ARM
		{274E2696-CC48-46E9-888E-700D86AFB983}.Release|ARM.Build.0 = Release|ARM
		{274E2696-CC48-46E9-888E-700D86AFB983}.Release|ARM.Deploy.0 = Release|ARM
		{274E2696-CC48-46E9-888E-700D86AFB983}.Release|iPhone.ActiveCfg = Release|x86
		{274E2696-CC48-46E9-888E-700D86AFB983}.Release|iPhone.Build.0 = Release|x86
		{274E2696-CC48-46E9-888E-700D86AFB983}.Release|iPhone.Deploy.0 = Release|x86
		{274E2696-CC48-46E9-888E-700D86AFB983}.Release|iPhoneSimulator.ActiveCfg = Release|x86
		{274E2696-CC48-46E9-888E-700D86AFB983}.Release|iPhoneSimulator.Build.0 = Release|x86
		{274E2696-CC48-46E9-888E-700D86AFB983}.Release|iPhoneSimulator.Deploy.0 = Release|x86
		{274E2696-CC48-46E9-888E-700D86AFB983}.Release|x64.ActiveCfg = Release|x64
		{274E2696-CC48-46E9-888E-700D86AFB983}.Release|x64.Build.0 = Release|x64
		{274E2696-CC48-46E9-888E-700D86AFB983}.Release|x64.Deploy.0 = Release|x64
		{274E2696-CC48-46E9-888E-700D86AFB983}.Release|x86.ActiveCfg = Release|x86
		{274E2696-CC48-46E9-888E-700D86AFB983}.Release|x86.Build.0 = Release|x86
		{274E2696-CC48-46E9-888E-700D86AFB983}.Release|x86.Deploy.0 = Release|x86
		{F72C9EBE-6538-4419-A82A-E8270ABC0633}.Ad-Hoc|Any CPU.ActiveCfg = Debug|Any CPU
		{F72C9EBE-6538-4419-A82A-E8270ABC0633}.Ad-Hoc|Any CPU.Build.0 = Debug|Any CPU
		{F72C9EBE-6538-4419-A82A-E8270ABC0633}.Ad-Hoc|Any CPU.Deploy.0 = Debug|Any CPU
		{F72C9EBE-6538-4419-A82A-E8270ABC0633}.Ad-Hoc|ARM.ActiveCfg = Debug|Any CPU
		{F72C9EBE-6538-4419-A82A-E8270ABC0633}.Ad-Hoc|ARM.Build.0 = Debug|Any CPU
		{F72C9EBE-6538-4419-A82A-E8270ABC0633}.Ad-Hoc|ARM.Deploy.0 = Debug|Any CPU
		{F72C9EBE-6538-4419-A82A-E8270ABC0633}.Ad-Hoc|iPhone.ActiveCfg = Debug|Any CPU
		{F72C9EBE-6538-4419-A82A-E8270ABC0633}.Ad-Hoc|iPhone.Build.0 = Debug|Any CPU
		{F72C9EBE-6538-4419-A82A-E8270ABC0633}.Ad-Hoc|iPhone.Deploy.0 = Debug|Any CPU
		{F72C9EBE-6538-4419-A82A-E8270ABC0633}.Ad-Hoc|iPhoneSimulator.ActiveCfg = Debug|Any CPU
		{F72C9EBE-6538-4419-A82A-E8270ABC0633}.Ad-Hoc|iPhoneSimulator.Build.0 = Debug|Any CPU
		{F72C9EBE-6538-4419-A82A-E8270ABC0633}.Ad-Hoc|iPhoneSimulator.Deploy.0 = Debug|Any CPU
		{F72C9EBE-6538-4419-A82A-E8270ABC0633}.Ad-Hoc|x64.ActiveCfg = Debug|Any CPU
		{F72C9EBE-6538-4419-A82A-E8270ABC0633}.Ad-Hoc|x64.Build.0 = Debug|Any CPU
		{F72C9EBE-6538-4419-A82A-E8270ABC0633}.Ad-Hoc|x64.Deploy.0 = Debug|Any CPU
		{F72C9EBE-6538-4419-A82A-E8270ABC0633}.Ad-Hoc|x86.ActiveCfg = Debug|Any CPU
		{F72C9EBE-6538-4419-A82A-E8270ABC0633}.Ad-Hoc|x86.Build.0 = Debug|Any CPU
		{F72C9EBE-6538-4419-A82A-E8270ABC0633}.Ad-Hoc|x86.Deploy.0 = Debug|Any CPU
		{F72C9EBE-6538-4419-A82A-E8270ABC0633}.AppStore|Any CPU.ActiveCfg = Debug|Any CPU
		{F72C9EBE-6538-4419-A82A-E8270ABC0633}.AppStore|Any CPU.Build.0 = Debug|Any CPU
		{F72C9EBE-6538-4419-A82A-E8270ABC0633}.AppStore|Any CPU.Deploy.0 = Debug|Any CPU
		{F72C9EBE-6538-4419-A82A-E8270ABC0633}.AppStore|ARM.ActiveCfg = Debug|Any CPU
		{F72C9EBE-6538-4419-A82A-E8270ABC0633}.AppStore|ARM.Build.0 = Debug|Any CPU
		{F72C9EBE-6538-4419-A82A-E8270ABC0633}.AppStore|ARM.Deploy.0 = Debug|Any CPU
		{F72C9EBE-6538-4419-A82A-E8270ABC0633}.AppStore|iPhone.ActiveCfg = Debug|Any CPU
		{F72C9EBE-6538-4419-A82A-E8270ABC0633}.AppStore|iPhone.Build.0 = Debug|Any CPU
		{F72C9EBE-6538-4419-A82A-E8270ABC0633}.AppStore|iPhone.Deploy.0 = Debug|Any CPU
		{F72C9EBE-6538-4419-A82A-E8270ABC0633}.AppStore|iPhoneSimulator.ActiveCfg = Debug|Any CPU
		{F72C9EBE-6538-4419-A82A-E8270ABC0633}.AppStore|iPhoneSimulator.Build.0 = Debug|Any CPU
		{F72C9EBE-6538-4419-A82A-E8270ABC0633}.AppStore|iPhoneSimulator.Deploy.0 = Debug|Any CPU
		{F72C9EBE-6538-4419-A82A-E8270ABC0633}.AppStore|x64.ActiveCfg = Debug|Any CPU
		{F72C9EBE-6538-4419-A82A-E8270ABC0633}.AppStore|x64.Build.0 = Debug|Any CPU
		{F72C9EBE-6538-4419-A82A-E8270ABC0633}.AppStore|x64.Deploy.0 = Debug|Any CPU
		{F72C9EBE-6538-4419-A82A-E8270ABC0633}.AppStore|x86.ActiveCfg = Debug|Any CPU
		{F72C9EBE-6538-4419-A82A-E8270ABC0633}.AppStore|x86.Build.0 = Debug|Any CPU
		{F72C9EBE-6538-4419-A82A-E8270ABC0633}.AppStore|x86.Deploy.0 = Debug|Any CPU
		{F72C9EBE-6538-4419-A82A-E8270ABC0633}.Debug|Any CPU.ActiveCfg = Debug|Any CPU
		{F72C9EBE-6538-4419-A82A-E8270ABC0633}.Debug|Any CPU.Build.0 = Debug|Any CPU
		{F72C9EBE-6538-4419-A82A-E8270ABC0633}.Debug|Any CPU.Deploy.0 = Debug|Any CPU
		{F72C9EBE-6538-4419-A82A-E8270ABC0633}.Debug|ARM.ActiveCfg = Debug|Any CPU
		{F72C9EBE-6538-4419-A82A-E8270ABC0633}.Debug|ARM.Build.0 = Debug|Any CPU
		{F72C9EBE-6538-4419-A82A-E8270ABC0633}.Debug|ARM.Deploy.0 = Debug|Any CPU
		{F72C9EBE-6538-4419-A82A-E8270ABC0633}.Debug|iPhone.ActiveCfg = Debug|Any CPU
		{F72C9EBE-6538-4419-A82A-E8270ABC0633}.Debug|iPhone.Build.0 = Debug|Any CPU
		{F72C9EBE-6538-4419-A82A-E8270ABC0633}.Debug|iPhone.Deploy.0 = Debug|Any CPU
		{F72C9EBE-6538-4419-A82A-E8270ABC0633}.Debug|iPhoneSimulator.ActiveCfg = Debug|Any CPU
		{F72C9EBE-6538-4419-A82A-E8270ABC0633}.Debug|iPhoneSimulator.Build.0 = Debug|Any CPU
		{F72C9EBE-6538-4419-A82A-E8270ABC0633}.Debug|iPhoneSimulator.Deploy.0 = Debug|Any CPU
		{F72C9EBE-6538-4419-A82A-E8270ABC0633}.Debug|x64.ActiveCfg = Debug|Any CPU
		{F72C9EBE-6538-4419-A82A-E8270ABC0633}.Debug|x64.Build.0 = Debug|Any CPU
		{F72C9EBE-6538-4419-A82A-E8270ABC0633}.Debug|x64.Deploy.0 = Debug|Any CPU
		{F72C9EBE-6538-4419-A82A-E8270ABC0633}.Debug|x86.ActiveCfg = Debug|Any CPU
		{F72C9EBE-6538-4419-A82A-E8270ABC0633}.Debug|x86.Build.0 = Debug|Any CPU
		{F72C9EBE-6538-4419-A82A-E8270ABC0633}.Debug|x86.Deploy.0 = Debug|Any CPU
		{F72C9EBE-6538-4419-A82A-E8270ABC0633}.Release|Any CPU.ActiveCfg = Release|Any CPU
		{F72C9EBE-6538-4419-A82A-E8270ABC0633}.Release|Any CPU.Build.0 = Release|Any CPU
		{F72C9EBE-6538-4419-A82A-E8270ABC0633}.Release|Any CPU.Deploy.0 = Release|Any CPU
		{F72C9EBE-6538-4419-A82A-E8270ABC0633}.Release|ARM.ActiveCfg = Release|Any CPU
		{F72C9EBE-6538-4419-A82A-E8270ABC0633}.Release|ARM.Build.0 = Release|Any CPU
		{F72C9EBE-6538-4419-A82A-E8270ABC0633}.Release|ARM.Deploy.0 = Release|Any CPU
		{F72C9EBE-6538-4419-A82A-E8270ABC0633}.Release|iPhone.ActiveCfg = Release|Any CPU
		{F72C9EBE-6538-4419-A82A-E8270ABC0633}.Release|iPhone.Build.0 = Release|Any CPU
		{F72C9EBE-6538-4419-A82A-E8270ABC0633}.Release|iPhone.Deploy.0 = Release|Any CPU
		{F72C9EBE-6538-4419-A82A-E8270ABC0633}.Release|iPhoneSimulator.ActiveCfg = Release|Any CPU
		{F72C9EBE-6538-4419-A82A-E8270ABC0633}.Release|iPhoneSimulator.Build.0 = Release|Any CPU
		{F72C9EBE-6538-4419-A82A-E8270ABC0633}.Release|iPhoneSimulator.Deploy.0 = Release|Any CPU
		{F72C9EBE-6538-4419-A82A-E8270ABC0633}.Release|x64.ActiveCfg = Release|Any CPU
		{F72C9EBE-6538-4419-A82A-E8270ABC0633}.Release|x64.Build.0 = Release|Any CPU
		{F72C9EBE-6538-4419-A82A-E8270ABC0633}.Release|x64.Deploy.0 = Release|Any CPU
		{F72C9EBE-6538-4419-A82A-E8270ABC0633}.Release|x86.ActiveCfg = Release|Any CPU
		{F72C9EBE-6538-4419-A82A-E8270ABC0633}.Release|x86.Build.0 = Release|Any CPU
		{F72C9EBE-6538-4419-A82A-E8270ABC0633}.Release|x86.Deploy.0 = Release|Any CPU
	EndGlobalSection
	GlobalSection(SolutionProperties) = preSolution
		HideSolutionNode = FALSE
	EndGlobalSection
	GlobalSection(ExtensibilityGlobals) = postSolution
		SolutionGuid = {75C6CC40-3B0A-47FF-BC1C-5B5A7DDD42A1}
	EndGlobalSection
EndGlobal
